// !$*UTF8*$!
{
	archiveVersion = 1;
	classes = {
	};
	objectVersion = 55;
	objects = {

/* Begin PBXBuildFile section */
		F53E8F0928ECF57E0093E3B9 /* SwiftCombineApp.swift in Sources */ = {isa = PBXBuildFile; fileRef = F53E8F0828ECF57E0093E3B9 /* SwiftCombineApp.swift */; };
		F53E8F0B28ECF57E0093E3B9 /* ContentView.swift in Sources */ = {isa = PBXBuildFile; fileRef = F53E8F0A28ECF57E0093E3B9 /* ContentView.swift */; };
		F53E8F0D28ECF5820093E3B9 /* Assets.xcassets in Resources */ = {isa = PBXBuildFile; fileRef = F53E8F0C28ECF5820093E3B9 /* Assets.xcassets */; };
		F53E8F1028ECF5820093E3B9 /* Preview Assets.xcassets in Resources */ = {isa = PBXBuildFile; fileRef = F53E8F0F28ECF5820093E3B9 /* Preview Assets.xcassets */; };
		F53E8F1228ECF5820093E3B9 /* Persistence.swift in Sources */ = {isa = PBXBuildFile; fileRef = F53E8F1128ECF5820093E3B9 /* Persistence.swift */; };
		F53E8F1528ECF5820093E3B9 /* SwiftCombine.xcdatamodeld in Sources */ = {isa = PBXBuildFile; fileRef = F53E8F1328ECF5820093E3B9 /* SwiftCombine.xcdatamodeld */; };
		F53E8F1F28ECF5820093E3B9 /* SwiftCombineTests.swift in Sources */ = {isa = PBXBuildFile; fileRef = F53E8F1E28ECF5820093E3B9 /* SwiftCombineTests.swift */; };
		F53E8F2928ECF5820093E3B9 /* SwiftCombineUITests.swift in Sources */ = {isa = PBXBuildFile; fileRef = F53E8F2828ECF5820093E3B9 /* SwiftCombineUITests.swift */; };
		F53E8F2B28ECF5820093E3B9 /* SwiftCombineUITestsLaunchTests.swift in Sources */ = {isa = PBXBuildFile; fileRef = F53E8F2A28ECF5820093E3B9 /* SwiftCombineUITestsLaunchTests.swift */; };
/* End PBXBuildFile section */

/* Begin PBXContainerItemProxy section */
		F53E8F1B28ECF5820093E3B9 /* PBXContainerItemProxy */ = {
			isa = PBXContainerItemProxy;
			containerPortal = F53E8EFD28ECF57E0093E3B9 /* Project object */;
			proxyType = 1;
			remoteGlobalIDString = F53E8F0428ECF57E0093E3B9;
			remoteInfo = SwiftCombine;
		};
		F53E8F2528ECF5820093E3B9 /* PBXContainerItemProxy */ = {
			isa = PBXContainerItemProxy;
			containerPortal = F53E8EFD28ECF57E0093E3B9 /* Project object */;
			proxyType = 1;
			remoteGlobalIDString = F53E8F0428ECF57E0093E3B9;
			remoteInfo = SwiftCombine;
		};
/* End PBXContainerItemProxy section */

/* Begin PBXFileReference section */
		F53E8F0528ECF57E0093E3B9 /* SwiftCombine.app */ = {isa = PBXFileReference; explicitFileType = wrapper.application; includeInIndex = 0; path = SwiftCombine.app; sourceTree = BUILT_PRODUCTS_DIR; };
		F53E8F0828ECF57E0093E3B9 /* SwiftCombineApp.swift */ = {isa = PBXFileReference; lastKnownFileType = sourcecode.swift; path = SwiftCombineApp.swift; sourceTree = "<group>"; };
		F53E8F0A28ECF57E0093E3B9 /* ContentView.swift */ = {isa = PBXFileReference; lastKnownFileType = sourcecode.swift; path = ContentView.swift; sourceTree = "<group>"; };
		F53E8F0C28ECF5820093E3B9 /* Assets.xcassets */ = {isa = PBXFileReference; lastKnownFileType = folder.assetcatalog; path = Assets.xcassets; sourceTree = "<group>"; };
		F53E8F0F28ECF5820093E3B9 /* Preview Assets.xcassets */ = {isa = PBXFileReference; lastKnownFileType = folder.assetcatalog; path = "Preview Assets.xcassets"; sourceTree = "<group>"; };
		F53E8F1128ECF5820093E3B9 /* Persistence.swift */ = {isa = PBXFileReference; lastKnownFileType = sourcecode.swift; path = Persistence.swift; sourceTree = "<group>"; };
		F53E8F1428ECF5820093E3B9 /* SwiftCombine.xcdatamodel */ = {isa = PBXFileReference; lastKnownFileType = wrapper.xcdatamodel; path = SwiftCombine.xcdatamodel; sourceTree = "<group>"; };
		F53E8F1A28ECF5820093E3B9 /* SwiftCombineTests.xctest */ = {isa = PBXFileReference; explicitFileType = wrapper.cfbundle; includeInIndex = 0; path = SwiftCombineTests.xctest; sourceTree = BUILT_PRODUCTS_DIR; };
		F53E8F1E28ECF5820093E3B9 /* SwiftCombineTests.swift */ = {isa = PBXFileReference; lastKnownFileType = sourcecode.swift; path = SwiftCombineTests.swift; sourceTree = "<group>"; };
		F53E8F2428ECF5820093E3B9 /* SwiftCombineUITests.xctest */ = {isa = PBXFileReference; explicitFileType = wrapper.cfbundle; includeInIndex = 0; path = SwiftCombineUITests.xctest; sourceTree = BUILT_PRODUCTS_DIR; };
		F53E8F2828ECF5820093E3B9 /* SwiftCombineUITests.swift */ = {isa = PBXFileReference; lastKnownFileType = sourcecode.swift; path = SwiftCombineUITests.swift; sourceTree = "<group>"; };
		F53E8F2A28ECF5820093E3B9 /* SwiftCombineUITestsLaunchTests.swift */ = {isa = PBXFileReference; lastKnownFileType = sourcecode.swift; path = SwiftCombineUITestsLaunchTests.swift; sourceTree = "<group>"; };
/* End PBXFileReference section */

/* Begin PBXFrameworksBuildPhase section */
		F53E8F0228ECF57E0093E3B9 /* Frameworks */ = {
			isa = PBXFrameworksBuildPhase;
			buildActionMask = 2147483647;
			files = (
			);
			runOnlyForDeploymentPostprocessing = 0;
		};
		F53E8F1728ECF5820093E3B9 /* Frameworks */ = {
			isa = PBXFrameworksBuildPhase;
			buildActionMask = 2147483647;
			files = (
			);
			runOnlyForDeploymentPostprocessing = 0;
		};
		F53E8F2128ECF5820093E3B9 /* Frameworks */ = {
			isa = PBXFrameworksBuildPhase;
			buildActionMask = 2147483647;
			files = (
			);
			runOnlyForDeploymentPostprocessing = 0;
		};
/* End PBXFrameworksBuildPhase section */

/* Begin PBXGroup section */
		F53E8EFC28ECF57E0093E3B9 = {
			isa = PBXGroup;
			children = (
				F53E8F0728ECF57E0093E3B9 /* SwiftCombine */,
				F53E8F1D28ECF5820093E3B9 /* SwiftCombineTests */,
				F53E8F2728ECF5820093E3B9 /* SwiftCombineUITests */,
				F53E8F0628ECF57E0093E3B9 /* Products */,
			);
			sourceTree = "<group>";
		};
		F53E8F0628ECF57E0093E3B9 /* Products */ = {
			isa = PBXGroup;
			children = (
				F53E8F0528ECF57E0093E3B9 /* SwiftCombine.app */,
				F53E8F1A28ECF5820093E3B9 /* SwiftCombineTests.xctest */,
				F53E8F2428ECF5820093E3B9 /* SwiftCombineUITests.xctest */,
			);
			name = Products;
			sourceTree = "<group>";
		};
		F53E8F0728ECF57E0093E3B9 /* SwiftCombine */ = {
			isa = PBXGroup;
			children = (
				F53E8F0828ECF57E0093E3B9 /* SwiftCombineApp.swift */,
				F53E8F0A28ECF57E0093E3B9 /* ContentView.swift */,
				F53E8F0C28ECF5820093E3B9 /* Assets.xcassets */,
				F53E8F1128ECF5820093E3B9 /* Persistence.swift */,
				F53E8F1328ECF5820093E3B9 /* SwiftCombine.xcdatamodeld */,
				F53E8F0E28ECF5820093E3B9 /* Preview Content */,
			);
			path = SwiftCombine;
			sourceTree = "<group>";
		};
		F53E8F0E28ECF5820093E3B9 /* Preview Content */ = {
			isa = PBXGroup;
			children = (
				F53E8F0F28ECF5820093E3B9 /* Preview Assets.xcassets */,
			);
			path = "Preview Content";
			sourceTree = "<group>";
		};
		F53E8F1D28ECF5820093E3B9 /* SwiftCombineTests */ = {
			isa = PBXGroup;
			children = (
				F53E8F1E28ECF5820093E3B9 /* SwiftCombineTests.swift */,
			);
			path = SwiftCombineTests;
			sourceTree = "<group>";
		};
		F53E8F2728ECF5820093E3B9 /* SwiftCombineUITests */ = {
			isa = PBXGroup;
			children = (
				F53E8F2828ECF5820093E3B9 /* SwiftCombineUITests.swift */,
				F53E8F2A28ECF5820093E3B9 /* SwiftCombineUITestsLaunchTests.swift */,
			);
			path = SwiftCombineUITests;
			sourceTree = "<group>";
		};
/* End PBXGroup section */

/* Begin PBXNativeTarget section */
		F53E8F0428ECF57E0093E3B9 /* SwiftCombine */ = {
			isa = PBXNativeTarget;
			buildConfigurationList = F53E8F2E28ECF5820093E3B9 /* Build configuration list for PBXNativeTarget "SwiftCombine" */;
			buildPhases = (
				F53E8F0128ECF57E0093E3B9 /* Sources */,
				F53E8F0228ECF57E0093E3B9 /* Frameworks */,
				F53E8F0328ECF57E0093E3B9 /* Resources */,
			);
			buildRules = (
			);
			dependencies = (
			);
			name = SwiftCombine;
			productName = SwiftCombine;
			productReference = F53E8F0528ECF57E0093E3B9 /* SwiftCombine.app */;
			productType = "com.apple.product-type.application";
		};
		F53E8F1928ECF5820093E3B9 /* SwiftCombineTests */ = {
			isa = PBXNativeTarget;
			buildConfigurationList = F53E8F3128ECF5820093E3B9 /* Build configuration list for PBXNativeTarget "SwiftCombineTests" */;
			buildPhases = (
				F53E8F1628ECF5820093E3B9 /* Sources */,
				F53E8F1728ECF5820093E3B9 /* Frameworks */,
				F53E8F1828ECF5820093E3B9 /* Resources */,
			);
			buildRules = (
			);
			dependencies = (
				F53E8F1C28ECF5820093E3B9 /* PBXTargetDependency */,
			);
			name = SwiftCombineTests;
			productName = SwiftCombineTests;
			productReference = F53E8F1A28ECF5820093E3B9 /* SwiftCombineTests.xctest */;
			productType = "com.apple.product-type.bundle.unit-test";
		};
		F53E8F2328ECF5820093E3B9 /* SwiftCombineUITests */ = {
			isa = PBXNativeTarget;
			buildConfigurationList = F53E8F3428ECF5820093E3B9 /* Build configuration list for PBXNativeTarget "SwiftCombineUITests" */;
			buildPhases = (
				F53E8F2028ECF5820093E3B9 /* Sources */,
				F53E8F2128ECF5820093E3B9 /* Frameworks */,
				F53E8F2228ECF5820093E3B9 /* Resources */,
			);
			buildRules = (
			);
			dependencies = (
				F53E8F2628ECF5820093E3B9 /* PBXTargetDependency */,
			);
			name = SwiftCombineUITests;
			productName = SwiftCombineUITests;
			productReference = F53E8F2428ECF5820093E3B9 /* SwiftCombineUITests.xctest */;
			productType = "com.apple.product-type.bundle.ui-testing";
		};
/* End PBXNativeTarget section */

/* Begin PBXProject section */
		F53E8EFD28ECF57E0093E3B9 /* Project object */ = {
			isa = PBXProject;
			attributes = {
				BuildIndependentTargetsInParallel = 1;
				LastSwiftUpdateCheck = 1320;
				LastUpgradeCheck = 1320;
				TargetAttributes = {
					F53E8F0428ECF57E0093E3B9 = {
						CreatedOnToolsVersion = 13.2;
					};
					F53E8F1928ECF5820093E3B9 = {
						CreatedOnToolsVersion = 13.2;
						TestTargetID = F53E8F0428ECF57E0093E3B9;
					};
					F53E8F2328ECF5820093E3B9 = {
						CreatedOnToolsVersion = 13.2;
						TestTargetID = F53E8F0428ECF57E0093E3B9;
					};
				};
			};
			buildConfigurationList = F53E8F0028ECF57E0093E3B9 /* Build configuration list for PBXProject "SwiftCombine" */;
			compatibilityVersion = "Xcode 13.0";
			developmentRegion = en;
			hasScannedForEncodings = 0;
			knownRegions = (
				en,
				Base,
			);
			mainGroup = F53E8EFC28ECF57E0093E3B9;
			productRefGroup = F53E8F0628ECF57E0093E3B9 /* Products */;
			projectDirPath = "";
			projectRoot = "";
			targets = (
				F53E8F0428ECF57E0093E3B9 /* SwiftCombine */,
				F53E8F1928ECF5820093E3B9 /* SwiftCombineTests */,
				F53E8F2328ECF5820093E3B9 /* SwiftCombineUITests */,
			);
		};
/* End PBXProject section */

/* Begin PBXResourcesBuildPhase section */
		F53E8F0328ECF57E0093E3B9 /* Resources */ = {
			isa = PBXResourcesBuildPhase;
			buildActionMask = 2147483647;
			files = (
				F53E8F1028ECF5820093E3B9 /* Preview Assets.xcassets in Resources */,
				F53E8F0D28ECF5820093E3B9 /* Assets.xcassets in Resources */,
			);
			runOnlyForDeploymentPostprocessing = 0;
		};
		F53E8F1828ECF5820093E3B9 /* Resources */ = {
			isa = PBXResourcesBuildPhase;
			buildActionMask = 2147483647;
			files = (
			);
			runOnlyForDeploymentPostprocessing = 0;
		};
		F53E8F2228ECF5820093E3B9 /* Resources */ = {
			isa = PBXResourcesBuildPhase;
			buildActionMask = 2147483647;
			files = (
			);
			runOnlyForDeploymentPostprocessing = 0;
		};
/* End PBXResourcesBuildPhase section */

/* Begin PBXSourcesBuildPhase section */
		F53E8F0128ECF57E0093E3B9 /* Sources */ = {
			isa = PBXSourcesBuildPhase;
			buildActionMask = 2147483647;
			files = (
				F53E8F1228ECF5820093E3B9 /* Persistence.swift in Sources */,
				F53E8F0B28ECF57E0093E3B9 /* ContentView.swift in Sources */,
				F53E8F0928ECF57E0093E3B9 /* SwiftCombineApp.swift in Sources */,
				F53E8F1528ECF5820093E3B9 /* SwiftCombine.xcdatamodeld in Sources */,
			);
			runOnlyForDeploymentPostprocessing = 0;
		};
		F53E8F1628ECF5820093E3B9 /* Sources */ = {
			isa = PBXSourcesBuildPhase;
			buildActionMask = 2147483647;
			files = (
				F53E8F1F28ECF5820093E3B9 /* SwiftCombineTests.swift in Sources */,
			);
			runOnlyForDeploymentPostprocessing = 0;
		};
		F53E8F2028ECF5820093E3B9 /* Sources */ = {
			isa = PBXSourcesBuildPhase;
			buildActionMask = 2147483647;
			files = (
				F53E8F2B28ECF5820093E3B9 /* SwiftCombineUITestsLaunchTests.swift in Sources */,
				F53E8F2928ECF5820093E3B9 /* SwiftCombineUITests.swift in Sources */,
			);
			runOnlyForDeploymentPostprocessing = 0;
		};
/* End PBXSourcesBuildPhase section */

/* Begin PBXTargetDependency section */
		F53E8F1C28ECF5820093E3B9 /* PBXTargetDependency */ = {
			isa = PBXTargetDependency;
			target = F53E8F0428ECF57E0093E3B9 /* SwiftCombine */;
			targetProxy = F53E8F1B28ECF5820093E3B9 /* PBXContainerItemProxy */;
		};
		F53E8F2628ECF5820093E3B9 /* PBXTargetDependency */ = {
			isa = PBXTargetDependency;
			target = F53E8F0428ECF57E0093E3B9 /* SwiftCombine */;
			targetProxy = F53E8F2528ECF5820093E3B9 /* PBXContainerItemProxy */;
		};
/* End PBXTargetDependency section */

/* Begin XCBuildConfiguration section */
		F53E8F2C28ECF5820093E3B9 /* Debug */ = {
			isa = XCBuildConfiguration;
			buildSettings = {
				ALWAYS_SEARCH_USER_PATHS = NO;
				CLANG_ANALYZER_NONNULL = YES;
				CLANG_ANALYZER_NUMBER_OBJECT_CONVERSION = YES_AGGRESSIVE;
				CLANG_CXX_LANGUAGE_STANDARD = "gnu++17";
				CLANG_CXX_LIBRARY = "libc++";
				CLANG_ENABLE_MODULES = YES;
				CLANG_ENABLE_OBJC_ARC = YES;
				CLANG_ENABLE_OBJC_WEAK = YES;
				CLANG_WARN_BLOCK_CAPTURE_AUTORELEASING = YES;
				CLANG_WARN_BOOL_CONVERSION = YES;
				CLANG_WARN_COMMA = YES;
				CLANG_WARN_CONSTANT_CONVERSION = YES;
				CLANG_WARN_DEPRECATED_OBJC_IMPLEMENTATIONS = YES;
				CLANG_WARN_DIRECT_OBJC_ISA_USAGE = YES_ERROR;
				CLANG_WARN_DOCUMENTATION_COMMENTS = YES;
				CLANG_WARN_EMPTY_BODY = YES;
				CLANG_WARN_ENUM_CONVERSION = YES;
				CLANG_WARN_INFINITE_RECURSION = YES;
				CLANG_WARN_INT_CONVERSION = YES;
				CLANG_WARN_NON_LITERAL_NULL_CONVERSION = YES;
				CLANG_WARN_OBJC_IMPLICIT_RETAIN_SELF = YES;
				CLANG_WARN_OBJC_LITERAL_CONVERSION = YES;
				CLANG_WARN_OBJC_ROOT_CLASS = YES_ERROR;
				CLANG_WARN_QUOTED_INCLUDE_IN_FRAMEWORK_HEADER = YES;
				CLANG_WARN_RANGE_LOOP_ANALYSIS = YES;
				CLANG_WARN_STRICT_PROTOTYPES = YES;
				CLANG_WARN_SUSPICIOUS_MOVE = YES;
				CLANG_WARN_UNGUARDED_AVAILABILITY = YES_AGGRESSIVE;
				CLANG_WARN_UNREACHABLE_CODE = YES;
				CLANG_WARN__DUPLICATE_METHOD_MATCH = YES;
				COPY_PHASE_STRIP = NO;
				DEBUG_INFORMATION_FORMAT = dwarf;
				ENABLE_STRICT_OBJC_MSGSEND = YES;
				ENABLE_TESTABILITY = YES;
				GCC_C_LANGUAGE_STANDARD = gnu11;
				GCC_DYNAMIC_NO_PIC = NO;
				GCC_NO_COMMON_BLOCKS = YES;
				GCC_OPTIMIZATION_LEVEL = 0;
				GCC_PREPROCESSOR_DEFINITIONS = (
					"DEBUG=1",
					"$(inherited)",
				);
				GCC_WARN_64_TO_32_BIT_CONVERSION = YES;
				GCC_WARN_ABOUT_RETURN_TYPE = YES_ERROR;
				GCC_WARN_UNDECLARED_SELECTOR = YES;
				GCC_WARN_UNINITIALIZED_AUTOS = YES_AGGRESSIVE;
				GCC_WARN_UNUSED_FUNCTION = YES;
				GCC_WARN_UNUSED_VARIABLE = YES;
				IPHONEOS_DEPLOYMENT_TARGET = 15.2;
				MTL_ENABLE_DEBUG_INFO = INCLUDE_SOURCE;
				MTL_FAST_MATH = YES;
				ONLY_ACTIVE_ARCH = YES;
				SDKROOT = iphoneos;
				SWIFT_ACTIVE_COMPILATION_CONDITIONS = DEBUG;
				SWIFT_OPTIMIZATION_LEVEL = "-Onone";
			};
			name = Debug;
		};
		F53E8F2D28ECF5820093E3B9 /* Release */ = {
			isa = XCBuildConfiguration;
			buildSettings = {
				ALWAYS_SEARCH_USER_PATHS = NO;
				CLANG_ANALYZER_NONNULL = YES;
				CLANG_ANALYZER_NUMBER_OBJECT_CONVERSION = YES_AGGRESSIVE;
				CLANG_CXX_LANGUAGE_STANDARD = "gnu++17";
				CLANG_CXX_LIBRARY = "libc++";
				CLANG_ENABLE_MODULES = YES;
				CLANG_ENABLE_OBJC_ARC = YES;
				CLANG_ENABLE_OBJC_WEAK = YES;
				CLANG_WARN_BLOCK_CAPTURE_AUTORELEASING = YES;
				CLANG_WARN_BOOL_CONVERSION = YES;
				CLANG_WARN_COMMA = YES;
				CLANG_WARN_CONSTANT_CONVERSION = YES;
				CLANG_WARN_DEPRECATED_OBJC_IMPLEMENTATIONS = YES;
				CLANG_WARN_DIRECT_OBJC_ISA_USAGE = YES_ERROR;
				CLANG_WARN_DOCUMENTATION_COMMENTS = YES;
				CLANG_WARN_EMPTY_BODY = YES;
				CLANG_WARN_ENUM_CONVERSION = YES;
				CLANG_WARN_INFINITE_RECURSION = YES;
				CLANG_WARN_INT_CONVERSION = YES;
				CLANG_WARN_NON_LITERAL_NULL_CONVERSION = YES;
				CLANG_WARN_OBJC_IMPLICIT_RETAIN_SELF = YES;
				CLANG_WARN_OBJC_LITERAL_CONVERSION = YES;
				CLANG_WARN_OBJC_ROOT_CLASS = YES_ERROR;
				CLANG_WARN_QUOTED_INCLUDE_IN_FRAMEWORK_HEADER = YES;
				CLANG_WARN_RANGE_LOOP_ANALYSIS = YES;
				CLANG_WARN_STRICT_PROTOTYPES = YES;
				CLANG_WARN_SUSPICIOUS_MOVE = YES;
				CLANG_WARN_UNGUARDED_AVAILABILITY = YES_AGGRESSIVE;
				CLANG_WARN_UNREACHABLE_CODE = YES;
				CLANG_WARN__DUPLICATE_METHOD_MATCH = YES;
				COPY_PHASE_STRIP = NO;
				DEBUG_INFORMATION_FORMAT = "dwarf-with-dsym";
				ENABLE_NS_ASSERTIONS = NO;
				ENABLE_STRICT_OBJC_MSGSEND = YES;
				GCC_C_LANGUAGE_STANDARD = gnu11;
				GCC_NO_COMMON_BLOCKS = YES;
				GCC_WARN_64_TO_32_BIT_CONVERSION = YES;
				GCC_WARN_ABOUT_RETURN_TYPE = YES_ERROR;
				GCC_WARN_UNDECLARED_SELECTOR = YES;
				GCC_WARN_UNINITIALIZED_AUTOS = YES_AGGRESSIVE;
				GCC_WARN_UNUSED_FUNCTION = YES;
				GCC_WARN_UNUSED_VARIABLE = YES;
				IPHONEOS_DEPLOYMENT_TARGET = 15.2;
				MTL_ENABLE_DEBUG_INFO = NO;
				MTL_FAST_MATH = YES;
				SDKROOT = iphoneos;
				SWIFT_COMPILATION_MODE = wholemodule;
				SWIFT_OPTIMIZATION_LEVEL = "-O";
				VALIDATE_PRODUCT = YES;
			};
			name = Release;
		};
		F53E8F2F28ECF5820093E3B9 /* Debug */ = {
			isa = XCBuildConfiguration;
			buildSettings = {
				ASSETCATALOG_COMPILER_APPICON_NAME = AppIcon;
				ASSETCATALOG_COMPILER_GLOBAL_ACCENT_COLOR_NAME = AccentColor;
				CODE_SIGN_STYLE = Automatic;
				CURRENT_PROJECT_VERSION = 1;
				DEVELOPMENT_ASSET_PATHS = "\"SwiftCombine/Preview Content\"";
				DEVELOPMENT_TEAM = S44H7ZBAXH;
				ENABLE_PREVIEWS = YES;
				GENERATE_INFOPLIST_FILE = YES;
				INFOPLIST_KEY_UIApplicationSceneManifest_Generation = YES;
				INFOPLIST_KEY_UIApplicationSupportsIndirectInputEvents = YES;
				INFOPLIST_KEY_UILaunchScreen_Generation = YES;
				INFOPLIST_KEY_UISupportedInterfaceOrientations_iPad = "UIInterfaceOrientationPortrait UIInterfaceOrientationPortraitUpsideDown UIInterfaceOrientationLandscapeLeft UIInterfaceOrientationLandscapeRight";
				INFOPLIST_KEY_UISupportedInterfaceOrientations_iPhone = "UIInterfaceOrientationPortrait UIInterfaceOrientationLandscapeLeft UIInterfaceOrientationLandscapeRight";
				LD_RUNPATH_SEARCH_PATHS = (
					"$(inherited)",
					"@executable_path/Frameworks",
				);
				MARKETING_VERSION = 1.0;
				PRODUCT_BUNDLE_IDENTIFIER = com.app24.SwiftCombine;
				PRODUCT_NAME = "$(TARGET_NAME)";
				SWIFT_EMIT_LOC_STRINGS = YES;
				SWIFT_VERSION = 5.0;
				TARGETED_DEVICE_FAMILY = "1,2";
			};
			name = Debug;
		};
		F53E8F3028ECF5820093E3B9 /* Release */ = {
			isa = XCBuildConfiguration;
			buildSettings = {
				ASSETCATALOG_COMPILER_APPICON_NAME = AppIcon;
				ASSETCATALOG_COMPILER_GLOBAL_ACCENT_COLOR_NAME = AccentColor;
				CODE_SIGN_STYLE = Automatic;
				CURRENT_PROJECT_VERSION = 1;
				DEVELOPMENT_ASSET_PATHS = "\"SwiftCombine/Preview Content\"";
				DEVELOPMENT_TEAM = S44H7ZBAXH;
				ENABLE_PREVIEWS = YES;
				GENERATE_INFOPLIST_FILE = YES;
				INFOPLIST_KEY_UIApplicationSceneManifest_Generation = YES;
				INFOPLIST_KEY_UIApplicationSupportsIndirectInputEvents = YES;
				INFOPLIST_KEY_UILaunchScreen_Generation = YES;
				INFOPLIST_KEY_UISupportedInterfaceOrientations_iPad = "UIInterfaceOrientationPortrait UIInterfaceOrientationPortraitUpsideDown UIInterfaceOrientationLandscapeLeft UIInterfaceOrientationLandscapeRight";
				INFOPLIST_KEY_UISupportedInterfaceOrientations_iPhone = "UIInterfaceOrientationPortrait UIInterfaceOrientationLandscapeLeft UIInterfaceOrientationLandscapeRight";
				LD_RUNPATH_SEARCH_PATHS = (
					"$(inherited)",
					"@executable_path/Frameworks",
				);
				MARKETING_VERSION = 1.0;
				PRODUCT_BUNDLE_IDENTIFIER = com.app24.SwiftCombine;
				PRODUCT_NAME = "$(TARGET_NAME)";
				SWIFT_EMIT_LOC_STRINGS = YES;
				SWIFT_VERSION = 5.0;
				TARGETED_DEVICE_FAMILY = "1,2";
			};
			name = Release;
		};
		F53E8F3228ECF5820093E3B9 /* Debug */ = {
			isa = XCBuildConfiguration;
			buildSettings = {
				ALWAYS_EMBED_SWIFT_STANDARD_LIBRARIES = YES;
				BUNDLE_LOADER = "$(TEST_HOST)";
				CODE_SIGN_STYLE = Automatic;
				CURRENT_PROJECT_VERSION = 1;
				DEVELOPMENT_TEAM = S44H7ZBAXH;
				GENERATE_INFOPLIST_FILE = YES;
				IPHONEOS_DEPLOYMENT_TARGET = 15.2;
				MARKETING_VERSION = 1.0;
				PRODUCT_BUNDLE_IDENTIFIER = com.app24.SwiftCombineTests;
				PRODUCT_NAME = "$(TARGET_NAME)";
				SWIFT_EMIT_LOC_STRINGS = NO;
				SWIFT_VERSION = 5.0;
				TARGETED_DEVICE_FAMILY = "1,2";
				TEST_HOST = "$(BUILT_PRODUCTS_DIR)/SwiftCombine.app/SwiftCombine";
			};
			name = Debug;
		};
		F53E8F3328ECF5820093E3B9 /* Release */ = {
			isa = XCBuildConfiguration;
			buildSettings = {
				ALWAYS_EMBED_SWIFT_STANDARD_LIBRARIES = YES;
				BUNDLE_LOADER = "$(TEST_HOST)";
				CODE_SIGN_STYLE = Automatic;
				CURRENT_PROJECT_VERSION = 1;
				DEVELOPMENT_TEAM = S44H7ZBAXH;
				GENERATE_INFOPLIST_FILE = YES;
				IPHONEOS_DEPLOYMENT_TARGET = 15.2;
				MARKETING_VERSION = 1.0;
				PRODUCT_BUNDLE_IDENTIFIER = com.app24.SwiftCombineTests;
				PRODUCT_NAME = "$(TARGET_NAME)";
				SWIFT_EMIT_LOC_STRINGS = NO;
				SWIFT_VERSION = 5.0;
				TARGETED_DEVICE_FAMILY = "1,2";
				TEST_HOST = "$(BUILT_PRODUCTS_DIR)/SwiftCombine.app/SwiftCombine";
			};
			name = Release;
		};
		F53E8F3528ECF5820093E3B9 /* Debug */ = {
			isa = XCBuildConfiguration;
			buildSettings = {
				ALWAYS_EMBED_SWIFT_STANDARD_LIBRARIES = YES;
				CODE_SIGN_STYLE = Automatic;
				CURRENT_PROJECT_VERSION = 1;
				DEVELOPMENT_TEAM = S44H7ZBAXH;
				GENERATE_INFOPLIST_FILE = YES;
				MARKETING_VERSION = 1.0;
				PRODUCT_BUNDLE_IDENTIFIER = com.app24.SwiftCombineUITests;
				PRODUCT_NAME = "$(TARGET_NAME)";
				SWIFT_EMIT_LOC_STRINGS = NO;
				SWIFT_VERSION = 5.0;
				TARGETED_DEVICE_FAMILY = "1,2";
				TEST_TARGET_NAME = SwiftCombine;
			};
			name = Debug;
		};
		F53E8F3628ECF5820093E3B9 /* Release */ = {
			isa = XCBuildConfiguration;
			buildSettings = {
				ALWAYS_EMBED_SWIFT_STANDARD_LIBRARIES = YES;
				CODE_SIGN_STYLE = Automatic;
				CURRENT_PROJECT_VERSION = 1;
				DEVELOPMENT_TEAM = S44H7ZBAXH;
				GENERATE_INFOPLIST_FILE = YES;
				MARKETING_VERSION = 1.0;
				PRODUCT_BUNDLE_IDENTIFIER = com.app24.SwiftCombineUITests;
				PRODUCT_NAME = "$(TARGET_NAME)";
				SWIFT_EMIT_LOC_STRINGS = NO;
				SWIFT_VERSION = 5.0;
				TARGETED_DEVICE_FAMILY = "1,2";
				TEST_TARGET_NAME = SwiftCombine;
			};
			name = Release;
		};
/* End XCBuildConfiguration section */

/* Begin XCConfigurationList section */
		F53E8F0028ECF57E0093E3B9 /* Build configuration list for PBXProject "SwiftCombine" */ = {
			isa = XCConfigurationList;
			buildConfigurations = (
				F53E8F2C28ECF5820093E3B9 /* Debug */,
				F53E8F2D28ECF5820093E3B9 /* Release */,
			);
			defaultConfigurationIsVisible = 0;
			defaultConfigurationName = Release;
		};
		F53E8F2E28ECF5820093E3B9 /* Build configuration list for PBXNativeTarget "SwiftCombine" */ = {
			isa = XCConfigurationList;
			buildConfigurations = (
				F53E8F2F28ECF5820093E3B9 /* Debug */,
				F53E8F3028ECF5820093E3B9 /* Release */,
			);
			defaultConfigurationIsVisible = 0;
			defaultConfigurationName = Release;
		};
		F53E8F3128ECF5820093E3B9 /* Build configuration list for PBXNativeTarget "SwiftCombineTests" */ = {
			isa = XCConfigurationList;
			buildConfigurations = (
				F53E8F3228ECF5820093E3B9 /* Debug */,
				F53E8F3328ECF5820093E3B9 /* Release */,
			);
			defaultConfigurationIsVisible = 0;
			defaultConfigurationName = Release;
		};
		F53E8F3428ECF5820093E3B9 /* Build configuration list for PBXNativeTarget "SwiftCombineUITests" */ = {
			isa = XCConfigurationList;
			buildConfigurations = (
				F53E8F3528ECF5820093E3B9 /* Debug */,
				F53E8F3628ECF5820093E3B9 /* Release */,
			);
			defaultConfigurationIsVisible = 0;
			defaultConfigurationName = Release;
		};
/* End XCConfigurationList section */

/* Begin XCVersionGroup section */
		F53E8F1328ECF5820093E3B9 /* SwiftCombine.xcdatamodeld */ = {
			isa = XCVersionGroup;
			children = (
				F53E8F1428ECF5820093E3B9 /* SwiftCombine.xcdatamodel */,
			);
			currentVersion = F53E8F1428ECF5820093E3B9 /* SwiftCombine.xcdatamodel */;
			path = SwiftCombine.xcdatamodeld;
			sourceTree = "<group>";
			versionGroupType = wrapper.xcdatamodel;
		};
/* End XCVersionGroup section */
	};
	rootObject = F53E8EFD28ECF57E0093E3B9 /* Project object */;
}
